
Microsoft Visual Studio Solution File, Format Version 12.00
# Visual Studio Version 16
VisualStudioVersion = 16.0.30523.141
MinimumVisualStudioVersion = 10.0.40219.1
Project("{9A19103F-16F7-4668-BE54-9A1E7A4F7556}") = "fhir-server-CSharp", "fhir-server-CSharp\fhir-server-CSharp.csproj", "{2EE6621B-2539-4423-A2EE-CD24DC2DD239}"
EndProject
Project("{9A19103F-16F7-4668-BE54-9A1E7A4F7556}") = "fhir-server-dataaccess", "fhir-server-dataaccess\fhir-server-dataaccess.csproj", "{4931B7C6-849E-4D01-ACB1-034114F7C6E4}"
EndProject
Project("{9A19103F-16F7-4668-BE54-9A1E7A4F7556}") = "fhir-server-mapping", "fhir-server-mapping\fhir-server-mapping.csproj", "{C56DF3C0-9BBB-456E-A60E-730CB1B8D19F}"
EndProject
Project("{FAE04EC0-301F-11D3-BF4B-00C04F79EFBC}") = "fhir-server-sharedservices", "fhir-server-sharedservices\fhir-server-sharedservices.csproj", "{A1D28BDD-FA53-44A8-9C25-B4B0212A6953}"
EndProject
Project("{FAE04EC0-301F-11D3-BF4B-00C04F79EFBC}") = "fhir-server-entity-model", "fhir-server-entity-model\fhir-server-entity-model.csproj", "{65806A02-3988-43F2-9CD6-B494D4BD8C59}"
EndProject
Global
	GlobalSection(SolutionConfigurationPlatforms) = preSolution
		Debug|Any CPU = Debug|Any CPU
		Release|Any CPU = Release|Any CPU
	EndGlobalSection
	GlobalSection(ProjectConfigurationPlatforms) = postSolution
		{2EE6621B-2539-4423-A2EE-CD24DC2DD239}.Debug|Any CPU.ActiveCfg = Debug|Any CPU
		{2EE6621B-2539-4423-A2EE-CD24DC2DD239}.Debug|Any CPU.Build.0 = Debug|Any CPU
		{2EE6621B-2539-4423-A2EE-CD24DC2DD239}.Release|Any CPU.ActiveCfg = Release|Any CPU
		{2EE6621B-2539-4423-A2EE-CD24DC2DD239}.Release|Any CPU.Build.0 = Release|Any CPU
		{4931B7C6-849E-4D01-ACB1-034114F7C6E4}.Debug|Any CPU.ActiveCfg = Debug|Any CPU
		{4931B7C6-849E-4D01-ACB1-034114F7C6E4}.Debug|Any CPU.Build.0 = Debug|Any CPU
		{4931B7C6-849E-4D01-ACB1-034114F7C6E4}.Release|Any CPU.ActiveCfg = Release|Any CPU
		{4931B7C6-849E-4D01-ACB1-034114F7C6E4}.Release|Any CPU.Build.0 = Release|Any CPU
		{C56DF3C0-9BBB-456E-A60E-730CB1B8D19F}.Debug|Any CPU.ActiveCfg = Debug|Any CPU
		{C56DF3C0-9BBB-456E-A60E-730CB1B8D19F}.Debug|Any CPU.Build.0 = Debug|Any CPU
		{C56DF3C0-9BBB-456E-A60E-730CB1B8D19F}.Release|Any CPU.ActiveCfg = Release|Any CPU
		{C56DF3C0-9BBB-456E-A60E-730CB1B8D19F}.Release|Any CPU.Build.0 = Release|Any CPU
		{A1D28BDD-FA53-44A8-9C25-B4B0212A6953}.Debug|Any CPU.ActiveCfg = Debug|Any CPU
		{A1D28BDD-FA53-44A8-9C25-B4B0212A6953}.Debug|Any CPU.Build.0 = Debug|Any CPU
		{A1D28BDD-FA53-44A8-9C25-B4B0212A6953}.Release|Any CPU.ActiveCfg = Release|Any CPU
		{A1D28BDD-FA53-44A8-9C25-B4B0212A6953}.Release|Any CPU.Build.0 = Release|Any CPU
		{65806A02-3988-43F2-9CD6-B494D4BD8C59}.Debug|Any CPU.ActiveCfg = Debug|Any CPU
		{65806A02-3988-43F2-9CD6-B494D4BD8C59}.Debug|Any CPU.Build.0 = Debug|Any CPU
		{65806A02-3988-43F2-9CD6-B494D4BD8C59}.Release|Any CPU.ActiveCfg = Release|Any CPU
		{65806A02-3988-43F2-9CD6-B494D4BD8C59}.Release|Any CPU.Build.0 = Release|Any CPU
	EndGlobalSection
	GlobalSection(SolutionProperties) = preSolution
		HideSolutionNode = FALSE
	EndGlobalSection
	GlobalSection(ExtensibilityGlobals) = postSolution
		SolutionGuid = {69723930-DFBA-44E7-97C0-976D014D1012}
	EndGlobalSection
EndGlobal
